
Microsoft Visual Studio Solution File, Format Version 12.00
# Visual Studio Version 17
VisualStudioVersion = 17.5.33516.290
MinimumVisualStudioVersion = 10.0.40219.1
Project("{8BC9CEB8-8B4A-11D0-8D11-00A0C91BC942}") = "NineByNine", "NineByNine.vcxproj", "{29AC6D8F-B23E-4456-AF39-BED69EFEC71A}"
EndProject
Global
	GlobalSection(SolutionConfigurationPlatforms) = preSolution
		Debug|x64 = Debug|x64
		Debug|x86 = Debug|x86
		Release|x64 = Release|x64
		Release|x86 = Release|x86
	EndGlobalSection
	GlobalSection(ProjectConfigurationPlatforms) = postSolution
		{29AC6D8F-B23E-4456-AF39-BED69EFEC71A}.Debug|x64.ActiveCfg = Debug|x64
		{29AC6D8F-B23E-4456-AF39-BED69EFEC71A}.Debug|x64.Build.0 = Debug|x64
		{29AC6D8F-B23E-4456-AF39-BED69EFEC71A}.Debug|x86.ActiveCfg = Debug|Win32
		{29AC6D8F-B23E-4456-AF39-BED69EFEC71A}.Debug|x86.Build.0 = Debug|Win32
		{29AC6D8F-B23E-4456-AF39-BED69EFEC71A}.Release|x64.ActiveCfg = Release|x64
		{29AC6D8F-B23E-4456-AF39-BED69EFEC71A}.Release|x64.Build.0 = Release|x64
		{29AC6D8F-B23E-4456-AF39-BED69EFEC71A}.Release|x86.ActiveCfg = Release|Win32
		{29AC6D8F-B23E-4456-AF39-BED69EFEC71A}.Release|x86.Build.0 = Release|Win32
	EndGlobalSection
	GlobalSection(SolutionProperties) = preSolution
		HideSolutionNode = FALSE
	EndGlobalSection
	GlobalSection(ExtensibilityGlobals) = postSolution
		SolutionGuid = {C0D94EF4-C070-48F2-8A09-474ED8F173F5}
	EndGlobalSection
EndGlobal
